// !$*UTF8*$!
{
	archiveVersion = 1;
	classes = {
	};
	objectVersion = 50;
	objects = {

/* Begin PBXBuildFile section */
		1E7F13D4241FA32000BDF1C9 /* AppDelegate.swift in Sources */ = {isa = PBXBuildFile; fileRef = 1E7F13D3241FA32000BDF1C9 /* AppDelegate.swift */; };
		1E7F13D6241FA32000BDF1C9 /* ViewController.swift in Sources */ = {isa = PBXBuildFile; fileRef = 1E7F13D5241FA32000BDF1C9 /* ViewController.swift */; };
		1E7F13D9241FA32000BDF1C9 /* Main.storyboard in Resources */ = {isa = PBXBuildFile; fileRef = 1E7F13D7241FA32000BDF1C9 /* Main.storyboard */; };
		1E7F13DB241FA32200BDF1C9 /* Assets.xcassets in Resources */ = {isa = PBXBuildFile; fileRef = 1E7F13DA241FA32200BDF1C9 /* Assets.xcassets */; };
		1E7F13DE241FA32200BDF1C9 /* LaunchScreen.storyboard in Resources */ = {isa = PBXBuildFile; fileRef = 1E7F13DC241FA32200BDF1C9 /* LaunchScreen.storyboard */; };
		1E7F13E6241FA33C00BDF1C9 /* Inceptionv3.mlmodel in Sources */ = {isa = PBXBuildFile; fileRef = 1E7F13E5241FA33C00BDF1C9 /* Inceptionv3.mlmodel */; };
/* End PBXBuildFile section */

/* Begin PBXFileReference section */
		1E7F13D0241FA32000BDF1C9 /* Food Recognition Using Core ML.app */ = {isa = PBXFileReference; explicitFileType = wrapper.application; includeInIndex = 0; path = "Food Recognition Using Core ML.app"; sourceTree = BUILT_PRODUCTS_DIR; };
		1E7F13D3241FA32000BDF1C9 /* AppDelegate.swift */ = {isa = PBXFileReference; lastKnownFileType = sourcecode.swift; path = AppDelegate.swift; sourceTree = "<group>"; };
		1E7F13D5241FA32000BDF1C9 /* ViewController.swift */ = {isa = PBXFileReference; lastKnownFileType = sourcecode.swift; path = ViewController.swift; sourceTree = "<group>"; };
		1E7F13D8241FA32000BDF1C9 /* Base */ = {isa = PBXFileReference; lastKnownFileType = file.storyboard; name = Base; path = Base.lproj/Main.storyboard; sourceTree = "<group>"; };
		1E7F13DA241FA32200BDF1C9 /* Assets.xcassets */ = {isa = PBXFileReference; lastKnownFileType = folder.assetcatalog; path = Assets.xcassets; sourceTree = "<group>"; };
		1E7F13DD241FA32200BDF1C9 /* Base */ = {isa = PBXFileReference; lastKnownFileType = file.storyboard; name = Base; path = Base.lproj/LaunchScreen.storyboard; sourceTree = "<group>"; };
		1E7F13DF241FA32200BDF1C9 /* Info.plist */ = {isa = PBXFileReference; lastKnownFileType = text.plist.xml; path = Info.plist; sourceTree = "<group>"; };
		1E7F13E5241FA33C00BDF1C9 /* Inceptionv3.mlmodel */ = {isa = PBXFileReference; lastKnownFileType = file.mlmodel; path = Inceptionv3.mlmodel; sourceTree = "<group>"; };
/* End PBXFileReference section */

/* Begin PBXFrameworksBuildPhase section */
		1E7F13CD241FA32000BDF1C9 /* Frameworks */ = {
			isa = PBXFrameworksBuildPhase;
			buildActionMask = 2147483647;
			files = (
			);
			runOnlyForDeploymentPostprocessing = 0;
		};
/* End PBXFrameworksBuildPhase section */

/* Begin PBXGroup section */
		1E7F13C7241FA31F00BDF1C9 = {
			isa = PBXGroup;
			children = (
				1E7F13D2241FA32000BDF1C9 /* Food Recognition Using Core ML */,
				1E7F13D1241FA32000BDF1C9 /* Products */,
			);
			sourceTree = "<group>";
		};
		1E7F13D1241FA32000BDF1C9 /* Products */ = {
			isa = PBXGroup;
			children = (
				1E7F13D0241FA32000BDF1C9 /* Food Recognition Using Core ML.app */,
			);
			name = Products;
			sourceTree = "<group>";
		};
		1E7F13D2241FA32000BDF1C9 /* Food Recognition Using Core ML */ = {
			isa = PBXGroup;
			children = (
				1E7F13D3241FA32000BDF1C9 /* AppDelegate.swift */,
				1E7F13D5241FA32000BDF1C9 /* ViewController.swift */,
				1E7F13D7241FA32000BDF1C9 /* Main.storyboard */,
				1E7F13DA241FA32200BDF1C9 /* Assets.xcassets */,
				1E7F13DC241FA32200BDF1C9 /* LaunchScreen.storyboard */,
				1E7F13DF241FA32200BDF1C9 /* Info.plist */,
				1E7F13E5241FA33C00BDF1C9 /* Inceptionv3.mlmodel */,
			);
			path = "Food Recognition Using Core ML";
			sourceTree = "<group>";
		};
/* End PBXGroup section */

/* Begin PBXNativeTarget section */
		1E7F13CF241FA32000BDF1C9 /* Food Recognition Using Core ML */ = {
			isa = PBXNativeTarget;
			buildConfigurationList = 1E7F13E2241FA32200BDF1C9 /* Build configuration list for PBXNativeTarget "Food Recognition Using Core ML" */;
			buildPhases = (
				1E7F13CC241FA32000BDF1C9 /* Sources */,
				1E7F13CD241FA32000BDF1C9 /* Frameworks */,
				1E7F13CE241FA32000BDF1C9 /* Resources */,
			);
			buildRules = (
			);
			dependencies = (
			);
			name = "Food Recognition Using Core ML";
			productName = "Food Recognition Using Core ML";
			productReference = 1E7F13D0241FA32000BDF1C9 /* Food Recognition Using Core ML.app */;
			productType = "com.apple.product-type.application";
		};
/* End PBXNativeTarget section */

/* Begin PBXProject section */
		1E7F13C8241FA31F00BDF1C9 /* Project object */ = {
			isa = PBXProject;
			attributes = {
				LastSwiftUpdateCheck = 1000;
				LastUpgradeCheck = 1000;
				ORGANIZATIONNAME = MAHMOUD;
				TargetAttributes = {
					1E7F13CF241FA32000BDF1C9 = {
						CreatedOnToolsVersion = 10.0;
					};
				};
			};
			buildConfigurationList = 1E7F13CB241FA31F00BDF1C9 /* Build configuration list for PBXProject "Food Recognition Using Core ML" */;
			compatibilityVersion = "Xcode 9.3";
			developmentRegion = en;
			hasScannedForEncodings = 0;
			knownRegions = (
				en,
				Base,
			);
			mainGroup = 1E7F13C7241FA31F00BDF1C9;
			productRefGroup = 1E7F13D1241FA32000BDF1C9 /* Products */;
			projectDirPath = "";
			projectRoot = "";
			targets = (
				1E7F13CF241FA32000BDF1C9 /* Food Recognition Using Core ML */,
			);
		};
/* End PBXProject section */

/* Begin PBXResourcesBuildPhase section */
		1E7F13CE241FA32000BDF1C9 /* Resources */ = {
			isa = PBXResourcesBuildPhase;
			buildActionMask = 2147483647;
			files = (
				1E7F13DE241FA32200BDF1C9 /* LaunchScreen.storyboard in Resources */,
				1E7F13DB241FA32200BDF1C9 /* Assets.xcassets in Resources */,
				1E7F13D9241FA32000BDF1C9 /* Main.storyboard in Resources */,
			);
			runOnlyForDeploymentPostprocessing = 0;
		};
/* End PBXResourcesBuildPhase section */

/* Begin PBXSourcesBuildPhase section */
		1E7F13CC241FA32000BDF1C9 /* Sources */ = {
			isa = PBXSourcesBuildPhase;
			buildActionMask = 2147483647;
			files = (
				1E7F13D6241FA32000BDF1C9 /* ViewController.swift in Sources */,
				1E7F13E6241FA33C00BDF1C9 /* Inceptionv3.mlmodel in Sources */,
				1E7F13D4241FA32000BDF1C9 /* AppDelegate.swift in Sources */,
			);
			runOnlyForDeploymentPostprocessing = 0;
		};
/* End PBXSourcesBuildPhase section */

/* Begin PBXVariantGroup section */
		1E7F13D7241FA32000BDF1C9 /* Main.storyboard */ = {
			isa = PBXVariantGroup;
			children = (
				1E7F13D8241FA32000BDF1C9 /* Base */,
			);
			name = Main.storyboard;
			sourceTree = "<group>";
		};
		1E7F13DC241FA32200BDF1C9 /* LaunchScreen.storyboard */ = {
			isa = PBXVariantGroup;
			children = (
				1E7F13DD241FA32200BDF1C9 /* Base */,
			);
			name = LaunchScreen.storyboard;
			sourceTree = "<group>";
		};
/* End PBXVariantGroup section */

/* Begin XCBuildConfiguration section */
		1E7F13E0241FA32200BDF1C9 /* Debug */ = {
			isa = XCBuildConfiguration;
			buildSettings = {
				ALWAYS_SEARCH_USER_PATHS = NO;
				CLANG_ANALYZER_NONNULL = YES;
				CLANG_ANALYZER_NUMBER_OBJECT_CONVERSION = YES_AGGRESSIVE;
				CLANG_CXX_LANGUAGE_STANDARD = "gnu++14";
				CLANG_CXX_LIBRARY = "libc++";
				CLANG_ENABLE_MODULES = YES;
				CLANG_ENABLE_OBJC_ARC = YES;
				CLANG_ENABLE_OBJC_WEAK = YES;
				CLANG_WARN_BLOCK_CAPTURE_AUTORELEASING = YES;
				CLANG_WARN_BOOL_CONVERSION = YES;
				CLANG_WARN_COMMA = YES;
				CLANG_WARN_CONSTANT_CONVERSION = YES;
				CLANG_WARN_DEPRECATED_OBJC_IMPLEMENTATIONS = YES;
				CLANG_WARN_DIRECT_OBJC_ISA_USAGE = YES_ERROR;
				CLANG_WARN_DOCUMENTATION_COMMENTS = YES;
				CLANG_WARN_EMPTY_BODY = YES;
				CLANG_WARN_ENUM_CONVERSION = YES;
				CLANG_WARN_INFINITE_RECURSION = YES;
				CLANG_WARN_INT_CONVERSION = YES;
				CLANG_WARN_NON_LITERAL_NULL_CONVERSION = YES;
				CLANG_WARN_OBJC_IMPLICIT_RETAIN_SELF = YES;
				CLANG_WARN_OBJC_LITERAL_CONVERSION = YES;
				CLANG_WARN_OBJC_ROOT_CLASS = YES_ERROR;
				CLANG_WARN_RANGE_LOOP_ANALYSIS = YES;
				CLANG_WARN_STRICT_PROTOTYPES = YES;
				CLANG_WARN_SUSPICIOUS_MOVE = YES;
				CLANG_WARN_UNGUARDED_AVAILABILITY = YES_AGGRESSIVE;
				CLANG_WARN_UNREACHABLE_CODE = YES;
				CLANG_WARN__DUPLICATE_METHOD_MATCH = YES;
				CODE_SIGN_IDENTITY = "iPhone Developer";
				COPY_PHASE_STRIP = NO;
				DEBUG_INFORMATION_FORMAT = dwarf;
				ENABLE_STRICT_OBJC_MSGSEND = YES;
				ENABLE_TESTABILITY = YES;
				GCC_C_LANGUAGE_STANDARD = gnu11;
				GCC_DYNAMIC_NO_PIC = NO;
				GCC_NO_COMMON_BLOCKS = YES;
				GCC_OPTIMIZATION_LEVEL = 0;
				GCC_PREPROCESSOR_DEFINITIONS = (
					"DEBUG=1",
					"$(inherited)",
				);
				GCC_WARN_64_TO_32_BIT_CONVERSION = YES;
				GCC_WARN_ABOUT_RETURN_TYPE = YES_ERROR;
				GCC_WARN_UNDECLARED_SELECTOR = YES;
				GCC_WARN_UNINITIALIZED_AUTOS = YES_AGGRESSIVE;
				GCC_WARN_UNUSED_FUNCTION = YES;
				GCC_WARN_UNUSED_VARIABLE = YES;
				IPHONEOS_DEPLOYMENT_TARGET = 12.0;
				MTL_ENABLE_DEBUG_INFO = INCLUDE_SOURCE;
				MTL_FAST_MATH = YES;
				ONLY_ACTIVE_ARCH = YES;
				SDKROOT = iphoneos;
				SWIFT_ACTIVE_COMPILATION_CONDITIONS = DEBUG;
				SWIFT_OPTIMIZATION_LEVEL = "-Onone";
			};
			name = Debug;
		};
		1E7F13E1241FA32200BDF1C9 /* Release */ = {
			isa = XCBuildConfiguration;
			buildSettings = {
				ALWAYS_SEARCH_USER_PATHS = NO;
				CLANG_ANALYZER_NONNULL = YES;
				CLANG_ANALYZER_NUMBER_OBJECT_CONVERSION = YES_AGGRESSIVE;
				CLANG_CXX_LANGUAGE_STANDARD = "gnu++14";
				CLANG_CXX_LIBRARY = "libc++";
				CLANG_ENABLE_MODULES = YES;
				CLANG_ENABLE_OBJC_ARC = YES;
				CLANG_ENABLE_OBJC_WEAK = YES;
				CLANG_WARN_BLOCK_CAPTURE_AUTORELEASING = YES;
				CLANG_WARN_BOOL_CONVERSION = YES;
				CLANG_WARN_COMMA = YES;
				CLANG_WARN_CONSTANT_CONVERSION = YES;
				CLANG_WARN_DEPRECATED_OBJC_IMPLEMENTATIONS = YES;
				CLANG_WARN_DIRECT_OBJC_ISA_USAGE = YES_ERROR;
				CLANG_WARN_DOCUMENTATION_COMMENTS = YES;
				CLANG_WARN_EMPTY_BODY = YES;
				CLANG_WARN_ENUM_CONVERSION = YES;
				CLANG_WARN_INFINITE_RECURSION = YES;
				CLANG_WARN_INT_CONVERSION = YES;
				CLANG_WARN_NON_LITERAL_NULL_CONVERSION = YES;
				CLANG_WARN_OBJC_IMPLICIT_RETAIN_SELF = YES;
				CLANG_WARN_OBJC_LITERAL_CONVERSION = YES;
				CLANG_WARN_OBJC_ROOT_CLASS = YES_ERROR;
				CLANG_WARN_RANGE_LOOP_ANALYSIS = YES;
				CLANG_WARN_STRICT_PROTOTYPES = YES;
				CLANG_WARN_SUSPICIOUS_MOVE = YES;
				CLANG_WARN_UNGUARDED_AVAILABILITY = YES_AGGRESSIVE;
				CLANG_WARN_UNREACHABLE_CODE = YES;
				CLANG_WARN__DUPLICATE_METHOD_MATCH = YES;
				CODE_SIGN_IDENTITY = "iPhone Developer";
				COPY_PHASE_STRIP = NO;
				DEBUG_INFORMATION_FORMAT = "dwarf-with-dsym";
				ENABLE_NS_ASSERTIONS = NO;
				ENABLE_STRICT_OBJC_MSGSEND = YES;
				GCC_C_LANGUAGE_STANDARD = gnu11;
				GCC_NO_COMMON_BLOCKS = YES;
				GCC_WARN_64_TO_32_BIT_CONVERSION = YES;
				GCC_WARN_ABOUT_RETURN_TYPE = YES_ERROR;
				GCC_WARN_UNDECLARED_SELECTOR = YES;
				GCC_WARN_UNINITIALIZED_AUTOS = YES_AGGRESSIVE;
				GCC_WARN_UNUSED_FUNCTION = YES;
				GCC_WARN_UNUSED_VARIABLE = YES;
				IPHONEOS_DEPLOYMENT_TARGET = 12.0;
				MTL_ENABLE_DEBUG_INFO = NO;
				MTL_FAST_MATH = YES;
				SDKROOT = iphoneos;
				SWIFT_COMPILATION_MODE = wholemodule;
				SWIFT_OPTIMIZATION_LEVEL = "-O";
				VALIDATE_PRODUCT = YES;
			};
			name = Release;
		};
		1E7F13E3241FA32200BDF1C9 /* Debug */ = {
			isa = XCBuildConfiguration;
			buildSettings = {
				ASSETCATALOG_COMPILER_APPICON_NAME = AppIcon;
				CODE_SIGN_STYLE = Automatic;
				INFOPLIST_FILE = "Food Recognition Using Core ML/Info.plist";
				LD_RUNPATH_SEARCH_PATHS = (
					"$(inherited)",
					"@executable_path/Frameworks",
				);
				PRODUCT_BUNDLE_IDENTIFIER = "nassar.test.Food-Recognition-Using-Core-ML";
				PRODUCT_NAME = "$(TARGET_NAME)";
				SWIFT_VERSION = 4.2;
				TARGETED_DEVICE_FAMILY = "1,2";
			};
			name = Debug;
		};
		1E7F13E4241FA32200BDF1C9 /* Release */ = {
			isa = XCBuildConfiguration;
			buildSettings = {
				ASSETCATALOG_COMPILER_APPICON_NAME = AppIcon;
				CODE_SIGN_STYLE = Automatic;
				INFOPLIST_FILE = "Food Recognition Using Core ML/Info.plist";
				LD_RUNPATH_SEARCH_PATHS = (
					"$(inherited)",
					"@executable_path/Frameworks",
				);
				PRODUCT_BUNDLE_IDENTIFIER = "nassar.test.Food-Recognition-Using-Core-ML";
				PRODUCT_NAME = "$(TARGET_NAME)";
				SWIFT_VERSION = 4.2;
				TARGETED_DEVICE_FAMILY = "1,2";
			};
			name = Release;
		};
/* End XCBuildConfiguration section */

/* Begin XCConfigurationList section */
		1E7F13CB241FA31F00BDF1C9 /* Build configuration list for PBXProject "Food Recognition Using Core ML" */ = {
			isa = XCConfigurationList;
			buildConfigurations = (
				1E7F13E0241FA32200BDF1C9 /* Debug */,
				1E7F13E1241FA32200BDF1C9 /* Release */,
			);
			defaultConfigurationIsVisible = 0;
			defaultConfigurationName = Release;
		};
		1E7F13E2241FA32200BDF1C9 /* Build configuration list for PBXNativeTarget "Food Recognition Using Core ML" */ = {
			isa = XCConfigurationList;
			buildConfigurations = (
				1E7F13E3241FA32200BDF1C9 /* Debug */,
				1E7F13E4241FA32200BDF1C9 /* Release */,
			);
			defaultConfigurationIsVisible = 0;
			defaultConfigurationName = Release;
		};
/* End XCConfigurationList section */
	};
	rootObject = 1E7F13C8241FA31F00BDF1C9 /* Project object */;
}
